
Microsoft Visual Studio Solution File, Format Version 12.00
# Visual Studio Version 17
VisualStudioVersion = 17.5.33414.496
MinimumVisualStudioVersion = 10.0.40219.1
Project("{FAE04EC0-301F-11D3-BF4B-00C04F79EFBC}") = "Cockroach Poker", "Cockroach Poker.csproj", "{FFA51544-9E36-4AFB-96C0-136B5595A7A0}"
EndProject
Global
	GlobalSection(SolutionConfigurationPlatforms) = preSolution
		Debug|Any CPU = Debug|Any CPU
		Release|Any CPU = Release|Any CPU
	EndGlobalSection
	GlobalSection(ProjectConfigurationPlatforms) = postSolution
		{FFA51544-9E36-4AFB-96C0-136B5595A7A0}.Debug|Any CPU.ActiveCfg = Debug|Any CPU
		{FFA51544-9E36-4AFB-96C0-136B5595A7A0}.Debug|Any CPU.Build.0 = Debug|Any CPU
		{FFA51544-9E36-4AFB-96C0-136B5595A7A0}.Release|Any CPU.ActiveCfg = Release|Any CPU
		{FFA51544-9E36-4AFB-96C0-136B5595A7A0}.Release|Any CPU.Build.0 = Release|Any CPU
	EndGlobalSection
	GlobalSection(SolutionProperties) = preSolution
		HideSolutionNode = FALSE
	EndGlobalSection
	GlobalSection(ExtensibilityGlobals) = postSolution
		SolutionGuid = {AAAD8706-C63D-4BD8-9603-61D58AD0E644}
	EndGlobalSection
EndGlobal
